
Microsoft Visual Studio Solution File, Format Version 12.00
# Visual Studio Version 16
VisualStudioVersion = 16.0.30413.136
MinimumVisualStudioVersion = 10.0.40219.1
Project("{FAE04EC0-301F-11D3-BF4B-00C04F79EFBC}") = "FizzBuzzAPI", "FizzBuzzAPI\FizzBuzzAPI.csproj", "{7BEC4989-3D78-4996-96D3-5607522BFEEB}"
EndProject
Project("{FAE04EC0-301F-11D3-BF4B-00C04F79EFBC}") = "FizzBuzzApi.UnitTests", "FizzBuzzApi.UnitTests\FizzBuzzApi.UnitTests.csproj", "{36C75BBB-5093-4C69-B801-32DE1227C3B0}"
EndProject
Project("{FAE04EC0-301F-11D3-BF4B-00C04F79EFBC}") = "FizzBuzzApi.IntegrationTests", "FizzBuzzApi.IntegrationTests\FizzBuzzApi.IntegrationTests.csproj", "{F3CFA5FD-C997-4791-9DC4-F8BE7930B650}"
EndProject
Global
	GlobalSection(SolutionConfigurationPlatforms) = preSolution
		Debug|Any CPU = Debug|Any CPU
		Release|Any CPU = Release|Any CPU
	EndGlobalSection
	GlobalSection(ProjectConfigurationPlatforms) = postSolution
		{7BEC4989-3D78-4996-96D3-5607522BFEEB}.Debug|Any CPU.ActiveCfg = Debug|Any CPU
		{7BEC4989-3D78-4996-96D3-5607522BFEEB}.Debug|Any CPU.Build.0 = Debug|Any CPU
		{7BEC4989-3D78-4996-96D3-5607522BFEEB}.Release|Any CPU.ActiveCfg = Release|Any CPU
		{7BEC4989-3D78-4996-96D3-5607522BFEEB}.Release|Any CPU.Build.0 = Release|Any CPU
		{36C75BBB-5093-4C69-B801-32DE1227C3B0}.Debug|Any CPU.ActiveCfg = Debug|Any CPU
		{36C75BBB-5093-4C69-B801-32DE1227C3B0}.Debug|Any CPU.Build.0 = Debug|Any CPU
		{36C75BBB-5093-4C69-B801-32DE1227C3B0}.Release|Any CPU.ActiveCfg = Release|Any CPU
		{36C75BBB-5093-4C69-B801-32DE1227C3B0}.Release|Any CPU.Build.0 = Release|Any CPU
		{F3CFA5FD-C997-4791-9DC4-F8BE7930B650}.Debug|Any CPU.ActiveCfg = Debug|Any CPU
		{F3CFA5FD-C997-4791-9DC4-F8BE7930B650}.Debug|Any CPU.Build.0 = Debug|Any CPU
		{F3CFA5FD-C997-4791-9DC4-F8BE7930B650}.Release|Any CPU.ActiveCfg = Release|Any CPU
		{F3CFA5FD-C997-4791-9DC4-F8BE7930B650}.Release|Any CPU.Build.0 = Release|Any CPU
	EndGlobalSection
	GlobalSection(SolutionProperties) = preSolution
		HideSolutionNode = FALSE
	EndGlobalSection
	GlobalSection(ExtensibilityGlobals) = postSolution
		SolutionGuid = {70EB9324-EED4-4273-8D65-2ED8B342CC5B}
	EndGlobalSection
EndGlobal
